
Microsoft Visual Studio Solution File, Format Version 12.00
# Visual Studio Version 16
VisualStudioVersion = 16.0.31624.102
MinimumVisualStudioVersion = 10.0.40219.1
Project("{9A19103F-16F7-4668-BE54-9A1E7A4F7556}") = "OpeNet.App.API", "src\OpeNet.App.API\OpeNet.App.API.csproj", "{A9E24D4F-6009-43B0-BC18-A0DD9210D1E0}"
EndProject
Project("{9A19103F-16F7-4668-BE54-9A1E7A4F7556}") = "Opet.App.Data", "src\Opet.App.Data\Opet.App.Data.csproj", "{8C14B9FB-8F51-4A27-AE95-EB68FC0AD0B0}"
EndProject
Project("{9A19103F-16F7-4668-BE54-9A1E7A4F7556}") = "Opet.App.Business", "src\Opet.App.Business\Opet.App.Business.csproj", "{0F97E9C6-AAC5-483F-A1EA-7F2B9089B069}"
EndProject
Project("{2150E333-8FDC-42A3-9474-1A3956D46DE8}") = "0-UI", "0-UI", "{C4393D96-89BF-4F76-ACAF-BC8472ED713A}"
EndProject
Project("{2150E333-8FDC-42A3-9474-1A3956D46DE8}") = "1-API", "1-API", "{A87F76CC-4B13-4598-8390-E6309BCFAA6A}"
EndProject
Project("{2150E333-8FDC-42A3-9474-1A3956D46DE8}") = "2-Application", "2-Application", "{E47F4124-3395-45D1-BF42-5A3906B8BF43}"
EndProject
Project("{2150E333-8FDC-42A3-9474-1A3956D46DE8}") = "3-Domain", "3-Domain", "{90C53133-61C0-49DD-A8C5-3E5FA5CD20B4}"
EndProject
Project("{2150E333-8FDC-42A3-9474-1A3956D46DE8}") = "4-Infraestructure", "4-Infraestructure", "{FC8C844F-9DE4-4427-9E65-618D60066F33}"
EndProject
Project("{FAE04EC0-301F-11D3-BF4B-00C04F79EFBC}") = "OpeNet.App.UI", "src\OpeNet.App.UI\OpeNet.App.UI.csproj", "{E36B9747-5969-4118-B907-30E5A434A65B}"
EndProject
Global
	GlobalSection(SolutionConfigurationPlatforms) = preSolution
		Debug|Any CPU = Debug|Any CPU
		Release|Any CPU = Release|Any CPU
	EndGlobalSection
	GlobalSection(ProjectConfigurationPlatforms) = postSolution
		{A9E24D4F-6009-43B0-BC18-A0DD9210D1E0}.Debug|Any CPU.ActiveCfg = Debug|Any CPU
		{A9E24D4F-6009-43B0-BC18-A0DD9210D1E0}.Debug|Any CPU.Build.0 = Debug|Any CPU
		{A9E24D4F-6009-43B0-BC18-A0DD9210D1E0}.Release|Any CPU.ActiveCfg = Release|Any CPU
		{A9E24D4F-6009-43B0-BC18-A0DD9210D1E0}.Release|Any CPU.Build.0 = Release|Any CPU
		{8C14B9FB-8F51-4A27-AE95-EB68FC0AD0B0}.Debug|Any CPU.ActiveCfg = Debug|Any CPU
		{8C14B9FB-8F51-4A27-AE95-EB68FC0AD0B0}.Debug|Any CPU.Build.0 = Debug|Any CPU
		{8C14B9FB-8F51-4A27-AE95-EB68FC0AD0B0}.Release|Any CPU.ActiveCfg = Release|Any CPU
		{8C14B9FB-8F51-4A27-AE95-EB68FC0AD0B0}.Release|Any CPU.Build.0 = Release|Any CPU
		{0F97E9C6-AAC5-483F-A1EA-7F2B9089B069}.Debug|Any CPU.ActiveCfg = Debug|Any CPU
		{0F97E9C6-AAC5-483F-A1EA-7F2B9089B069}.Debug|Any CPU.Build.0 = Debug|Any CPU
		{0F97E9C6-AAC5-483F-A1EA-7F2B9089B069}.Release|Any CPU.ActiveCfg = Release|Any CPU
		{0F97E9C6-AAC5-483F-A1EA-7F2B9089B069}.Release|Any CPU.Build.0 = Release|Any CPU
		{E36B9747-5969-4118-B907-30E5A434A65B}.Debug|Any CPU.ActiveCfg = Debug|Any CPU
		{E36B9747-5969-4118-B907-30E5A434A65B}.Debug|Any CPU.Build.0 = Debug|Any CPU
		{E36B9747-5969-4118-B907-30E5A434A65B}.Release|Any CPU.ActiveCfg = Release|Any CPU
		{E36B9747-5969-4118-B907-30E5A434A65B}.Release|Any CPU.Build.0 = Release|Any CPU
	EndGlobalSection
	GlobalSection(SolutionProperties) = preSolution
		HideSolutionNode = FALSE
	EndGlobalSection
	GlobalSection(NestedProjects) = preSolution
		{A9E24D4F-6009-43B0-BC18-A0DD9210D1E0} = {A87F76CC-4B13-4598-8390-E6309BCFAA6A}
		{E36B9747-5969-4118-B907-30E5A434A65B} = {C4393D96-89BF-4F76-ACAF-BC8472ED713A}
	EndGlobalSection
	GlobalSection(ExtensibilityGlobals) = postSolution
		SolutionGuid = {6C7B5F8D-9132-485D-9005-DEE8A4F2702D}
	EndGlobalSection
EndGlobal
